// !$*UTF8*$!
{
	archiveVersion = 1;
	classes = {
	};
	objectVersion = 50;
	objects = {

/* Begin PBXBuildFile section */
		ED16067C266B0EC9002F3B8C /* BrainieApp.swift in Sources */ = {isa = PBXBuildFile; fileRef = ED16067B266B0EC9002F3B8C /* BrainieApp.swift */; };
		ED16067E266B0EC9002F3B8C /* EmojiBrainieGameView.swift in Sources */ = {isa = PBXBuildFile; fileRef = ED16067D266B0EC9002F3B8C /* EmojiBrainieGameView.swift */; };
		ED160680266B0ECA002F3B8C /* Assets.xcassets in Resources */ = {isa = PBXBuildFile; fileRef = ED16067F266B0ECA002F3B8C /* Assets.xcassets */; };
		ED160683266B0ECA002F3B8C /* Preview Assets.xcassets in Resources */ = {isa = PBXBuildFile; fileRef = ED160682266B0ECA002F3B8C /* Preview Assets.xcassets */; };
		ED16068B266B344D002F3B8C /* BrainieGame.swift in Sources */ = {isa = PBXBuildFile; fileRef = ED16068A266B344D002F3B8C /* BrainieGame.swift */; };
		ED16068D266B35C9002F3B8C /* EmojiBrainieGame.swift in Sources */ = {isa = PBXBuildFile; fileRef = ED16068C266B35C9002F3B8C /* EmojiBrainieGame.swift */; };
		ED160692266B6CF2002F3B8C /* CardView.swift in Sources */ = {isa = PBXBuildFile; fileRef = ED160691266B6CF2002F3B8C /* CardView.swift */; };
		ED160694266B6F6A002F3B8C /* Array.swift in Sources */ = {isa = PBXBuildFile; fileRef = ED160693266B6F6A002F3B8C /* Array.swift */; };
		ED160697266B7E19002F3B8C /* AspectVGrid.swift in Sources */ = {isa = PBXBuildFile; fileRef = ED160696266B7E19002F3B8C /* AspectVGrid.swift */; };
/* End PBXBuildFile section */

/* Begin PBXFileReference section */
		ED160678266B0EC9002F3B8C /* Brainie.app */ = {isa = PBXFileReference; explicitFileType = wrapper.application; includeInIndex = 0; path = Brainie.app; sourceTree = BUILT_PRODUCTS_DIR; };
		ED16067B266B0EC9002F3B8C /* BrainieApp.swift */ = {isa = PBXFileReference; lastKnownFileType = sourcecode.swift; path = BrainieApp.swift; sourceTree = "<group>"; };
		ED16067D266B0EC9002F3B8C /* EmojiBrainieGameView.swift */ = {isa = PBXFileReference; lastKnownFileType = sourcecode.swift; path = EmojiBrainieGameView.swift; sourceTree = "<group>"; };
		ED16067F266B0ECA002F3B8C /* Assets.xcassets */ = {isa = PBXFileReference; lastKnownFileType = folder.assetcatalog; path = Assets.xcassets; sourceTree = "<group>"; };
		ED160682266B0ECA002F3B8C /* Preview Assets.xcassets */ = {isa = PBXFileReference; lastKnownFileType = folder.assetcatalog; path = "Preview Assets.xcassets"; sourceTree = "<group>"; };
		ED160684266B0ECA002F3B8C /* Info.plist */ = {isa = PBXFileReference; lastKnownFileType = text.plist.xml; path = Info.plist; sourceTree = "<group>"; };
		ED16068A266B344D002F3B8C /* BrainieGame.swift */ = {isa = PBXFileReference; lastKnownFileType = sourcecode.swift; path = BrainieGame.swift; sourceTree = "<group>"; };
		ED16068C266B35C9002F3B8C /* EmojiBrainieGame.swift */ = {isa = PBXFileReference; lastKnownFileType = sourcecode.swift; path = EmojiBrainieGame.swift; sourceTree = "<group>"; };
		ED160691266B6CF2002F3B8C /* CardView.swift */ = {isa = PBXFileReference; lastKnownFileType = sourcecode.swift; path = CardView.swift; sourceTree = "<group>"; };
		ED160693266B6F6A002F3B8C /* Array.swift */ = {isa = PBXFileReference; lastKnownFileType = sourcecode.swift; path = Array.swift; sourceTree = "<group>"; };
		ED160696266B7E19002F3B8C /* AspectVGrid.swift */ = {isa = PBXFileReference; lastKnownFileType = sourcecode.swift; path = AspectVGrid.swift; sourceTree = "<group>"; };
/* End PBXFileReference section */

/* Begin PBXFrameworksBuildPhase section */
		ED160675266B0EC9002F3B8C /* Frameworks */ = {
			isa = PBXFrameworksBuildPhase;
			buildActionMask = 2147483647;
			files = (
			);
			runOnlyForDeploymentPostprocessing = 0;
		};
/* End PBXFrameworksBuildPhase section */

/* Begin PBXGroup section */
		ED16066F266B0EC9002F3B8C = {
			isa = PBXGroup;
			children = (
				ED16067A266B0EC9002F3B8C /* Brainie */,
				ED160679266B0EC9002F3B8C /* Products */,
			);
			sourceTree = "<group>";
		};
		ED160679266B0EC9002F3B8C /* Products */ = {
			isa = PBXGroup;
			children = (
				ED160678266B0EC9002F3B8C /* Brainie.app */,
			);
			name = Products;
			sourceTree = "<group>";
		};
		ED16067A266B0EC9002F3B8C /* Brainie */ = {
			isa = PBXGroup;
			children = (
				ED160695266B6F70002F3B8C /* Extensions */,
				ED160690266B6BBA002F3B8C /* Model */,
				ED16068F266B6BB0002F3B8C /* ViewModels */,
				ED16068E266B6BA8002F3B8C /* Views */,
				ED16067B266B0EC9002F3B8C /* BrainieApp.swift */,
				ED16067F266B0ECA002F3B8C /* Assets.xcassets */,
				ED160684266B0ECA002F3B8C /* Info.plist */,
				ED160681266B0ECA002F3B8C /* Preview Content */,
			);
			path = Brainie;
			sourceTree = "<group>";
		};
		ED160681266B0ECA002F3B8C /* Preview Content */ = {
			isa = PBXGroup;
			children = (
				ED160682266B0ECA002F3B8C /* Preview Assets.xcassets */,
			);
			path = "Preview Content";
			sourceTree = "<group>";
		};
		ED16068E266B6BA8002F3B8C /* Views */ = {
			isa = PBXGroup;
			children = (
				ED16067D266B0EC9002F3B8C /* EmojiBrainieGameView.swift */,
				ED160691266B6CF2002F3B8C /* CardView.swift */,
				ED160696266B7E19002F3B8C /* AspectVGrid.swift */,
			);
			path = Views;
			sourceTree = "<group>";
		};
		ED16068F266B6BB0002F3B8C /* ViewModels */ = {
			isa = PBXGroup;
			children = (
				ED16068C266B35C9002F3B8C /* EmojiBrainieGame.swift */,
			);
			path = ViewModels;
			sourceTree = "<group>";
		};
		ED160690266B6BBA002F3B8C /* Model */ = {
			isa = PBXGroup;
			children = (
				ED16068A266B344D002F3B8C /* BrainieGame.swift */,
			);
			path = Model;
			sourceTree = "<group>";
		};
		ED160695266B6F70002F3B8C /* Extensions */ = {
			isa = PBXGroup;
			children = (
				ED160693266B6F6A002F3B8C /* Array.swift */,
			);
			path = Extensions;
			sourceTree = "<group>";
		};
/* End PBXGroup section */

/* Begin PBXNativeTarget section */
		ED160677266B0EC9002F3B8C /* Brainie */ = {
			isa = PBXNativeTarget;
			buildConfigurationList = ED160687266B0ECA002F3B8C /* Build configuration list for PBXNativeTarget "Brainie" */;
			buildPhases = (
				ED160674266B0EC9002F3B8C /* Sources */,
				ED160675266B0EC9002F3B8C /* Frameworks */,
				ED160676266B0EC9002F3B8C /* Resources */,
			);
			buildRules = (
			);
			dependencies = (
			);
			name = Brainie;
			productName = Brainie;
			productReference = ED160678266B0EC9002F3B8C /* Brainie.app */;
			productType = "com.apple.product-type.application";
		};
/* End PBXNativeTarget section */

/* Begin PBXProject section */
		ED160670266B0EC9002F3B8C /* Project object */ = {
			isa = PBXProject;
			attributes = {
				LastSwiftUpdateCheck = 1250;
				LastUpgradeCheck = 1250;
				TargetAttributes = {
					ED160677266B0EC9002F3B8C = {
						CreatedOnToolsVersion = 12.5;
					};
				};
			};
			buildConfigurationList = ED160673266B0EC9002F3B8C /* Build configuration list for PBXProject "Brainie" */;
			compatibilityVersion = "Xcode 9.3";
			developmentRegion = en;
			hasScannedForEncodings = 0;
			knownRegions = (
				en,
				Base,
			);
			mainGroup = ED16066F266B0EC9002F3B8C;
			productRefGroup = ED160679266B0EC9002F3B8C /* Products */;
			projectDirPath = "";
			projectRoot = "";
			targets = (
				ED160677266B0EC9002F3B8C /* Brainie */,
			);
		};
/* End PBXProject section */

/* Begin PBXResourcesBuildPhase section */
		ED160676266B0EC9002F3B8C /* Resources */ = {
			isa = PBXResourcesBuildPhase;
			buildActionMask = 2147483647;
			files = (
				ED160683266B0ECA002F3B8C /* Preview Assets.xcassets in Resources */,
				ED160680266B0ECA002F3B8C /* Assets.xcassets in Resources */,
			);
			runOnlyForDeploymentPostprocessing = 0;
		};
/* End PBXResourcesBuildPhase section */

/* Begin PBXSourcesBuildPhase section */
		ED160674266B0EC9002F3B8C /* Sources */ = {
			isa = PBXSourcesBuildPhase;
			buildActionMask = 2147483647;
			files = (
				ED16068B266B344D002F3B8C /* BrainieGame.swift in Sources */,
				ED16068D266B35C9002F3B8C /* EmojiBrainieGame.swift in Sources */,
				ED160697266B7E19002F3B8C /* AspectVGrid.swift in Sources */,
				ED16067E266B0EC9002F3B8C /* EmojiBrainieGameView.swift in Sources */,
				ED160694266B6F6A002F3B8C /* Array.swift in Sources */,
				ED16067C266B0EC9002F3B8C /* BrainieApp.swift in Sources */,
				ED160692266B6CF2002F3B8C /* CardView.swift in Sources */,
			);
			runOnlyForDeploymentPostprocessing = 0;
		};
/* End PBXSourcesBuildPhase section */

/* Begin XCBuildConfiguration section */
		ED160685266B0ECA002F3B8C /* Debug */ = {
			isa = XCBuildConfiguration;
			buildSettings = {
				ALWAYS_SEARCH_USER_PATHS = NO;
				CLANG_ANALYZER_NONNULL = YES;
				CLANG_ANALYZER_NUMBER_OBJECT_CONVERSION = YES_AGGRESSIVE;
				CLANG_CXX_LANGUAGE_STANDARD = "gnu++14";
				CLANG_CXX_LIBRARY = "libc++";
				CLANG_ENABLE_MODULES = YES;
				CLANG_ENABLE_OBJC_ARC = YES;
				CLANG_ENABLE_OBJC_WEAK = YES;
				CLANG_WARN_BLOCK_CAPTURE_AUTORELEASING = YES;
				CLANG_WARN_BOOL_CONVERSION = YES;
				CLANG_WARN_COMMA = YES;
				CLANG_WARN_CONSTANT_CONVERSION = YES;
				CLANG_WARN_DEPRECATED_OBJC_IMPLEMENTATIONS = YES;
				CLANG_WARN_DIRECT_OBJC_ISA_USAGE = YES_ERROR;
				CLANG_WARN_DOCUMENTATION_COMMENTS = YES;
				CLANG_WARN_EMPTY_BODY = YES;
				CLANG_WARN_ENUM_CONVERSION = YES;
				CLANG_WARN_INFINITE_RECURSION = YES;
				CLANG_WARN_INT_CONVERSION = YES;
				CLANG_WARN_NON_LITERAL_NULL_CONVERSION = YES;
				CLANG_WARN_OBJC_IMPLICIT_RETAIN_SELF = YES;
				CLANG_WARN_OBJC_LITERAL_CONVERSION = YES;
				CLANG_WARN_OBJC_ROOT_CLASS = YES_ERROR;
				CLANG_WARN_QUOTED_INCLUDE_IN_FRAMEWORK_HEADER = YES;
				CLANG_WARN_RANGE_LOOP_ANALYSIS = YES;
				CLANG_WARN_STRICT_PROTOTYPES = YES;
				CLANG_WARN_SUSPICIOUS_MOVE = YES;
				CLANG_WARN_UNGUARDED_AVAILABILITY = YES_AGGRESSIVE;
				CLANG_WARN_UNREACHABLE_CODE = YES;
				CLANG_WARN__DUPLICATE_METHOD_MATCH = YES;
				COPY_PHASE_STRIP = NO;
				DEBUG_INFORMATION_FORMAT = dwarf;
				ENABLE_STRICT_OBJC_MSGSEND = YES;
				ENABLE_TESTABILITY = YES;
				GCC_C_LANGUAGE_STANDARD = gnu11;
				GCC_DYNAMIC_NO_PIC = NO;
				GCC_NO_COMMON_BLOCKS = YES;
				GCC_OPTIMIZATION_LEVEL = 0;
				GCC_PREPROCESSOR_DEFINITIONS = (
					"DEBUG=1",
					"$(inherited)",
				);
				GCC_WARN_64_TO_32_BIT_CONVERSION = YES;
				GCC_WARN_ABOUT_RETURN_TYPE = YES_ERROR;
				GCC_WARN_UNDECLARED_SELECTOR = YES;
				GCC_WARN_UNINITIALIZED_AUTOS = YES_AGGRESSIVE;
				GCC_WARN_UNUSED_FUNCTION = YES;
				GCC_WARN_UNUSED_VARIABLE = YES;
				IPHONEOS_DEPLOYMENT_TARGET = 14.5;
				MTL_ENABLE_DEBUG_INFO = INCLUDE_SOURCE;
				MTL_FAST_MATH = YES;
				ONLY_ACTIVE_ARCH = YES;
				SDKROOT = iphoneos;
				SWIFT_ACTIVE_COMPILATION_CONDITIONS = DEBUG;
				SWIFT_OPTIMIZATION_LEVEL = "-Onone";
			};
			name = Debug;
		};
		ED160686266B0ECA002F3B8C /* Release */ = {
			isa = XCBuildConfiguration;
			buildSettings = {
				ALWAYS_SEARCH_USER_PATHS = NO;
				CLANG_ANALYZER_NONNULL = YES;
				CLANG_ANALYZER_NUMBER_OBJECT_CONVERSION = YES_AGGRESSIVE;
				CLANG_CXX_LANGUAGE_STANDARD = "gnu++14";
				CLANG_CXX_LIBRARY = "libc++";
				CLANG_ENABLE_MODULES = YES;
				CLANG_ENABLE_OBJC_ARC = YES;
				CLANG_ENABLE_OBJC_WEAK = YES;
				CLANG_WARN_BLOCK_CAPTURE_AUTORELEASING = YES;
				CLANG_WARN_BOOL_CONVERSION = YES;
				CLANG_WARN_COMMA = YES;
				CLANG_WARN_CONSTANT_CONVERSION = YES;
				CLANG_WARN_DEPRECATED_OBJC_IMPLEMENTATIONS = YES;
				CLANG_WARN_DIRECT_OBJC_ISA_USAGE = YES_ERROR;
				CLANG_WARN_DOCUMENTATION_COMMENTS = YES;
				CLANG_WARN_EMPTY_BODY = YES;
				CLANG_WARN_ENUM_CONVERSION = YES;
				CLANG_WARN_INFINITE_RECURSION = YES;
				CLANG_WARN_INT_CONVERSION = YES;
				CLANG_WARN_NON_LITERAL_NULL_CONVERSION = YES;
				CLANG_WARN_OBJC_IMPLICIT_RETAIN_SELF = YES;
				CLANG_WARN_OBJC_LITERAL_CONVERSION = YES;
				CLANG_WARN_OBJC_ROOT_CLASS = YES_ERROR;
				CLANG_WARN_QUOTED_INCLUDE_IN_FRAMEWORK_HEADER = YES;
				CLANG_WARN_RANGE_LOOP_ANALYSIS = YES;
				CLANG_WARN_STRICT_PROTOTYPES = YES;
				CLANG_WARN_SUSPICIOUS_MOVE = YES;
				CLANG_WARN_UNGUARDED_AVAILABILITY = YES_AGGRESSIVE;
				CLANG_WARN_UNREACHABLE_CODE = YES;
				CLANG_WARN__DUPLICATE_METHOD_MATCH = YES;
				COPY_PHASE_STRIP = NO;
				DEBUG_INFORMATION_FORMAT = "dwarf-with-dsym";
				ENABLE_NS_ASSERTIONS = NO;
				ENABLE_STRICT_OBJC_MSGSEND = YES;
				GCC_C_LANGUAGE_STANDARD = gnu11;
				GCC_NO_COMMON_BLOCKS = YES;
				GCC_WARN_64_TO_32_BIT_CONVERSION = YES;
				GCC_WARN_ABOUT_RETURN_TYPE = YES_ERROR;
				GCC_WARN_UNDECLARED_SELECTOR = YES;
				GCC_WARN_UNINITIALIZED_AUTOS = YES_AGGRESSIVE;
				GCC_WARN_UNUSED_FUNCTION = YES;
				GCC_WARN_UNUSED_VARIABLE = YES;
				IPHONEOS_DEPLOYMENT_TARGET = 14.5;
				MTL_ENABLE_DEBUG_INFO = NO;
				MTL_FAST_MATH = YES;
				SDKROOT = iphoneos;
				SWIFT_COMPILATION_MODE = wholemodule;
				SWIFT_OPTIMIZATION_LEVEL = "-O";
				VALIDATE_PRODUCT = YES;
			};
			name = Release;
		};
		ED160688266B0ECA002F3B8C /* Debug */ = {
			isa = XCBuildConfiguration;
			buildSettings = {
				ASSETCATALOG_COMPILER_APPICON_NAME = AppIcon;
				ASSETCATALOG_COMPILER_GLOBAL_ACCENT_COLOR_NAME = AccentColor;
				CODE_SIGN_STYLE = Automatic;
				DEVELOPMENT_ASSET_PATHS = "\"Brainie/Preview Content\"";
				DEVELOPMENT_TEAM = 83LJKZ7N8Z;
				ENABLE_PREVIEWS = YES;
				INFOPLIST_FILE = Brainie/Info.plist;
				IPHONEOS_DEPLOYMENT_TARGET = 14.0;
				LD_RUNPATH_SEARCH_PATHS = (
					"$(inherited)",
					"@executable_path/Frameworks",
				);
				PRODUCT_BUNDLE_IDENTIFIER = com.preetpatel.Brainie;
				PRODUCT_NAME = "$(TARGET_NAME)";
				SWIFT_VERSION = 5.0;
				TARGETED_DEVICE_FAMILY = "1,2";
			};
			name = Debug;
		};
		ED160689266B0ECA002F3B8C /* Release */ = {
			isa = XCBuildConfiguration;
			buildSettings = {
				ASSETCATALOG_COMPILER_APPICON_NAME = AppIcon;
				ASSETCATALOG_COMPILER_GLOBAL_ACCENT_COLOR_NAME = AccentColor;
				CODE_SIGN_STYLE = Automatic;
				DEVELOPMENT_ASSET_PATHS = "\"Brainie/Preview Content\"";
				DEVELOPMENT_TEAM = 83LJKZ7N8Z;
				ENABLE_PREVIEWS = YES;
				INFOPLIST_FILE = Brainie/Info.plist;
				IPHONEOS_DEPLOYMENT_TARGET = 14.0;
				LD_RUNPATH_SEARCH_PATHS = (
					"$(inherited)",
					"@executable_path/Frameworks",
				);
				PRODUCT_BUNDLE_IDENTIFIER = com.preetpatel.Brainie;
				PRODUCT_NAME = "$(TARGET_NAME)";
				SWIFT_VERSION = 5.0;
				TARGETED_DEVICE_FAMILY = "1,2";
			};
			name = Release;
		};
/* End XCBuildConfiguration section */

/* Begin XCConfigurationList section */
		ED160673266B0EC9002F3B8C /* Build configuration list for PBXProject "Brainie" */ = {
			isa = XCConfigurationList;
			buildConfigurations = (
				ED160685266B0ECA002F3B8C /* Debug */,
				ED160686266B0ECA002F3B8C /* Release */,
			);
			defaultConfigurationIsVisible = 0;
			defaultConfigurationName = Release;
		};
		ED160687266B0ECA002F3B8C /* Build configuration list for PBXNativeTarget "Brainie" */ = {
			isa = XCConfigurationList;
			buildConfigurations = (
				ED160688266B0ECA002F3B8C /* Debug */,
				ED160689266B0ECA002F3B8C /* Release */,
			);
			defaultConfigurationIsVisible = 0;
			defaultConfigurationName = Release;
		};
/* End XCConfigurationList section */
	};
	rootObject = ED160670266B0EC9002F3B8C /* Project object */;
}
